PODS:
  - SDWebImage (3.8.2):
    - SDWebImage/Core (= 3.8.2)
  - SDWebImage/Core (3.8.2)
  - SwiftyJSON (3.1.4)

DEPENDENCIES:
  - SDWebImage (~> 3.8)
  - SwiftyJSON

SPEC CHECKSUMS:
  SDWebImage: 098e97e6176540799c27e804c96653ee0833d13c
  SwiftyJSON: c2842d878f95482ffceec5709abc3d05680c0220

PODFILE CHECKSUM: 7b8eb4699d8aecb4132bc7ebe6f29f81cb558329

COCOAPODS: 1.1.1
